
Microsoft Visual Studio Solution File, Format Version 12.00
# Visual Studio Version 16
VisualStudioVersion = 16.0.29926.136
MinimumVisualStudioVersion = 10.0.40219.1
Project("{9A19103F-16F7-4668-BE54-9A1E7A4F7556}") = "Allowed.Telegram.Bot", "Allowed.Telegram.Bot\Allowed.Telegram.Bot.csproj", "{930CEBDC-25BF-4227-97D8-E30A19D3E28D}"
EndProject
Project("{9A19103F-16F7-4668-BE54-9A1E7A4F7556}") = "Allowed.Telegram.Bot.Sample", "Allowed.Telegram.Bot.Sample\Allowed.Telegram.Bot.Sample.csproj", "{62E2B49F-A15D-483D-87DC-C209D3EDA82C}"
EndProject
Project("{2150E333-8FDC-42A3-9474-1A3956D46DE8}") = "samples", "samples", "{7FB87FF2-C37F-49D9-915B-A34540469640}"
EndProject
Project("{2150E333-8FDC-42A3-9474-1A3956D46DE8}") = "sources", "sources", "{88A2F7E8-8650-4E98-A361-833BEBB62D8F}"
EndProject
Project("{9A19103F-16F7-4668-BE54-9A1E7A4F7556}") = "Allowed.Telegram.Bot.Data", "Allowed.Telegram.Bot.Data\Allowed.Telegram.Bot.Data.csproj", "{DC79EA85-373A-4AB6-A208-2A224849789F}"
EndProject
Project("{FAE04EC0-301F-11D3-BF4B-00C04F79EFBC}") = "Allowed.Telegram.Bot.Sample.WithoutDb", "Allowed.Telegram.Bot.Sample.WithoutDb\Allowed.Telegram.Bot.Sample.WithoutDb.csproj", "{614F7CD4-3BE3-485C-9669-058C5940B04D}"
EndProject
Global
	GlobalSection(SolutionConfigurationPlatforms) = preSolution
		Debug|Any CPU = Debug|Any CPU
		Release|Any CPU = Release|Any CPU
	EndGlobalSection
	GlobalSection(ProjectConfigurationPlatforms) = postSolution
		{930CEBDC-25BF-4227-97D8-E30A19D3E28D}.Debug|Any CPU.ActiveCfg = Debug|Any CPU
		{930CEBDC-25BF-4227-97D8-E30A19D3E28D}.Debug|Any CPU.Build.0 = Debug|Any CPU
		{930CEBDC-25BF-4227-97D8-E30A19D3E28D}.Release|Any CPU.ActiveCfg = Release|Any CPU
		{930CEBDC-25BF-4227-97D8-E30A19D3E28D}.Release|Any CPU.Build.0 = Release|Any CPU
		{62E2B49F-A15D-483D-87DC-C209D3EDA82C}.Debug|Any CPU.ActiveCfg = Debug|Any CPU
		{62E2B49F-A15D-483D-87DC-C209D3EDA82C}.Debug|Any CPU.Build.0 = Debug|Any CPU
		{62E2B49F-A15D-483D-87DC-C209D3EDA82C}.Release|Any CPU.ActiveCfg = Release|Any CPU
		{62E2B49F-A15D-483D-87DC-C209D3EDA82C}.Release|Any CPU.Build.0 = Release|Any CPU
		{DC79EA85-373A-4AB6-A208-2A224849789F}.Debug|Any CPU.ActiveCfg = Debug|Any CPU
		{DC79EA85-373A-4AB6-A208-2A224849789F}.Debug|Any CPU.Build.0 = Debug|Any CPU
		{DC79EA85-373A-4AB6-A208-2A224849789F}.Release|Any CPU.ActiveCfg = Release|Any CPU
		{DC79EA85-373A-4AB6-A208-2A224849789F}.Release|Any CPU.Build.0 = Release|Any CPU
		{614F7CD4-3BE3-485C-9669-058C5940B04D}.Debug|Any CPU.ActiveCfg = Debug|Any CPU
		{614F7CD4-3BE3-485C-9669-058C5940B04D}.Debug|Any CPU.Build.0 = Debug|Any CPU
		{614F7CD4-3BE3-485C-9669-058C5940B04D}.Release|Any CPU.ActiveCfg = Release|Any CPU
		{614F7CD4-3BE3-485C-9669-058C5940B04D}.Release|Any CPU.Build.0 = Release|Any CPU
	EndGlobalSection
	GlobalSection(SolutionProperties) = preSolution
		HideSolutionNode = FALSE
	EndGlobalSection
	GlobalSection(NestedProjects) = preSolution
		{930CEBDC-25BF-4227-97D8-E30A19D3E28D} = {88A2F7E8-8650-4E98-A361-833BEBB62D8F}
		{62E2B49F-A15D-483D-87DC-C209D3EDA82C} = {7FB87FF2-C37F-49D9-915B-A34540469640}
		{DC79EA85-373A-4AB6-A208-2A224849789F} = {7FB87FF2-C37F-49D9-915B-A34540469640}
		{614F7CD4-3BE3-485C-9669-058C5940B04D} = {7FB87FF2-C37F-49D9-915B-A34540469640}
	EndGlobalSection
	GlobalSection(ExtensibilityGlobals) = postSolution
		SolutionGuid = {9CD5FD8C-AA30-4BAE-B081-B9DBA7E0FCDA}
	EndGlobalSection
EndGlobal
